
Microsoft Visual Studio Solution File, Format Version 12.00
# Visual Studio 15
VisualStudioVersion = 15.0.27703.2018
MinimumVisualStudioVersion = 10.0.40219.1
Project("{9A19103F-16F7-4668-BE54-9A1E7A4F7556}") = "Pj_Thread", "Pj_Thread\Pj_Thread.csproj", "{F6BA563F-47F8-4440-815D-D772C27FEEFC}"
EndProject
Project("{FAE04EC0-301F-11D3-BF4B-00C04F79EFBC}") = "Pj_Thread_WPF", "Pj_Thread_WPF\Pj_Thread_WPF.csproj", "{0F38F9A2-4EAA-4853-A5B1-33B139B7DB85}"
EndProject
Project("{FAE04EC0-301F-11D3-BF4B-00C04F79EFBC}") = "Pj_Thread_Form", "Pj_Thread_Form\Pj_Thread_Form.csproj", "{4BCA1E05-7B9D-4056-ABE5-D836C7E8B221}"
EndProject
Global
	GlobalSection(SolutionConfigurationPlatforms) = preSolution
		Debug|Any CPU = Debug|Any CPU
		Release|Any CPU = Release|Any CPU
	EndGlobalSection
	GlobalSection(ProjectConfigurationPlatforms) = postSolution
		{F6BA563F-47F8-4440-815D-D772C27FEEFC}.Debug|Any CPU.ActiveCfg = Debug|Any CPU
		{F6BA563F-47F8-4440-815D-D772C27FEEFC}.Debug|Any CPU.Build.0 = Debug|Any CPU
		{F6BA563F-47F8-4440-815D-D772C27FEEFC}.Release|Any CPU.ActiveCfg = Release|Any CPU
		{F6BA563F-47F8-4440-815D-D772C27FEEFC}.Release|Any CPU.Build.0 = Release|Any CPU
		{0F38F9A2-4EAA-4853-A5B1-33B139B7DB85}.Debug|Any CPU.ActiveCfg = Debug|Any CPU
		{0F38F9A2-4EAA-4853-A5B1-33B139B7DB85}.Debug|Any CPU.Build.0 = Debug|Any CPU
		{0F38F9A2-4EAA-4853-A5B1-33B139B7DB85}.Release|Any CPU.ActiveCfg = Release|Any CPU
		{0F38F9A2-4EAA-4853-A5B1-33B139B7DB85}.Release|Any CPU.Build.0 = Release|Any CPU
		{4BCA1E05-7B9D-4056-ABE5-D836C7E8B221}.Debug|Any CPU.ActiveCfg = Debug|Any CPU
		{4BCA1E05-7B9D-4056-ABE5-D836C7E8B221}.Debug|Any CPU.Build.0 = Debug|Any CPU
		{4BCA1E05-7B9D-4056-ABE5-D836C7E8B221}.Release|Any CPU.ActiveCfg = Release|Any CPU
		{4BCA1E05-7B9D-4056-ABE5-D836C7E8B221}.Release|Any CPU.Build.0 = Release|Any CPU
	EndGlobalSection
	GlobalSection(SolutionProperties) = preSolution
		HideSolutionNode = FALSE
	EndGlobalSection
	GlobalSection(ExtensibilityGlobals) = postSolution
		SolutionGuid = {3897E49D-BE60-40C7-897B-96A64B5D2657}
	EndGlobalSection
EndGlobal
